
Microsoft Visual Studio Solution File, Format Version 12.00
# Visual Studio 15
VisualStudioVersion = 15.0.28307.1209
MinimumVisualStudioVersion = 10.0.40219.1
Project("{888888A0-9F3D-457C-B088-3A5042F75D52}") = "ExcelGrepy", "ExcelGrepy\ExcelGrepy.pyproj", "{3B6C9B0B-D4F6-41DD-A099-1312E09820AC}"
EndProject
Global
	GlobalSection(SolutionConfigurationPlatforms) = preSolution
		Debug|Any CPU = Debug|Any CPU
		Release|Any CPU = Release|Any CPU
	EndGlobalSection
	GlobalSection(ProjectConfigurationPlatforms) = postSolution
		{3B6C9B0B-D4F6-41DD-A099-1312E09820AC}.Debug|Any CPU.ActiveCfg = Debug|Any CPU
		{3B6C9B0B-D4F6-41DD-A099-1312E09820AC}.Release|Any CPU.ActiveCfg = Release|Any CPU
	EndGlobalSection
	GlobalSection(SolutionProperties) = preSolution
		HideSolutionNode = FALSE
	EndGlobalSection
	GlobalSection(ExtensibilityGlobals) = postSolution
		SolutionGuid = {5BFDC028-4DA8-46B4-948E-1AEA62032FBE}
	EndGlobalSection
EndGlobal
